
Microsoft Visual Studio Solution File, Format Version 12.00
# Visual Studio Version 16
VisualStudioVersion = 16.0.31624.102
MinimumVisualStudioVersion = 10.0.40219.1
Project("{FAE04EC0-301F-11D3-BF4B-00C04F79EFBC}") = "Proyecto", "Proyecto\Proyecto.csproj", "{BB791117-A6E5-4050-9B2E-3EB79ADD43E1}"
EndProject
Global
	GlobalSection(SolutionConfigurationPlatforms) = preSolution
		Debug|Any CPU = Debug|Any CPU
		Release|Any CPU = Release|Any CPU
	EndGlobalSection
	GlobalSection(ProjectConfigurationPlatforms) = postSolution
		{BB791117-A6E5-4050-9B2E-3EB79ADD43E1}.Debug|Any CPU.ActiveCfg = Debug|Any CPU
		{BB791117-A6E5-4050-9B2E-3EB79ADD43E1}.Debug|Any CPU.Build.0 = Debug|Any CPU
		{BB791117-A6E5-4050-9B2E-3EB79ADD43E1}.Release|Any CPU.ActiveCfg = Release|Any CPU
		{BB791117-A6E5-4050-9B2E-3EB79ADD43E1}.Release|Any CPU.Build.0 = Release|Any CPU
	EndGlobalSection
	GlobalSection(SolutionProperties) = preSolution
		HideSolutionNode = FALSE
	EndGlobalSection
	GlobalSection(ExtensibilityGlobals) = postSolution
		SolutionGuid = {2A282A41-8A92-4381-970F-8EBDE554EE14}
	EndGlobalSection
EndGlobal
